
Microsoft Visual Studio Solution File, Format Version 12.00
# Visual Studio 14
VisualStudioVersion = 14.0.24720.0
MinimumVisualStudioVersion = 10.0.40219.1
Project("{FAE04EC0-301F-11D3-BF4B-00C04F79EFBC}") = "Cash.Ninject.Sample.Web", "Cash.Ninject.Sample.Web\Cash.Ninject.Sample.Web.csproj", "{1B937770-62B8-42A5-83BF-7223346BAB6F}"
EndProject
Project("{2150E333-8FDC-42A3-9474-1A3956D46DE8}") = "Cash", "Cash", "{30EEDF01-70D4-4AF1-B445-F3689D47E3FD}"
EndProject
Project("{FAE04EC0-301F-11D3-BF4B-00C04F79EFBC}") = "Cash.Core", "..\..\src\Cash.Core\Cash.Core.csproj", "{CEDE2055-4771-4363-8F6C-6BC456E97F74}"
EndProject
Project("{FAE04EC0-301F-11D3-BF4B-00C04F79EFBC}") = "Cash.Ninject", "..\..\src\Cash.Ninject\Cash.Ninject.csproj", "{B3FE59CB-C8FD-46E2-AB26-5CC3DE7B1DB2}"
EndProject
Global
	GlobalSection(SolutionConfigurationPlatforms) = preSolution
		Debug|Any CPU = Debug|Any CPU
		Release|Any CPU = Release|Any CPU
	EndGlobalSection
	GlobalSection(ProjectConfigurationPlatforms) = postSolution
		{1B937770-62B8-42A5-83BF-7223346BAB6F}.Debug|Any CPU.ActiveCfg = Debug|Any CPU
		{1B937770-62B8-42A5-83BF-7223346BAB6F}.Debug|Any CPU.Build.0 = Debug|Any CPU
		{1B937770-62B8-42A5-83BF-7223346BAB6F}.Release|Any CPU.ActiveCfg = Release|Any CPU
		{1B937770-62B8-42A5-83BF-7223346BAB6F}.Release|Any CPU.Build.0 = Release|Any CPU
		{CEDE2055-4771-4363-8F6C-6BC456E97F74}.Debug|Any CPU.ActiveCfg = Debug|Any CPU
		{CEDE2055-4771-4363-8F6C-6BC456E97F74}.Debug|Any CPU.Build.0 = Debug|Any CPU
		{CEDE2055-4771-4363-8F6C-6BC456E97F74}.Release|Any CPU.ActiveCfg = Release|Any CPU
		{CEDE2055-4771-4363-8F6C-6BC456E97F74}.Release|Any CPU.Build.0 = Release|Any CPU
		{B3FE59CB-C8FD-46E2-AB26-5CC3DE7B1DB2}.Debug|Any CPU.ActiveCfg = Debug|Any CPU
		{B3FE59CB-C8FD-46E2-AB26-5CC3DE7B1DB2}.Debug|Any CPU.Build.0 = Debug|Any CPU
		{B3FE59CB-C8FD-46E2-AB26-5CC3DE7B1DB2}.Release|Any CPU.ActiveCfg = Release|Any CPU
		{B3FE59CB-C8FD-46E2-AB26-5CC3DE7B1DB2}.Release|Any CPU.Build.0 = Release|Any CPU
	EndGlobalSection
	GlobalSection(SolutionProperties) = preSolution
		HideSolutionNode = FALSE
	EndGlobalSection
	GlobalSection(NestedProjects) = preSolution
		{CEDE2055-4771-4363-8F6C-6BC456E97F74} = {30EEDF01-70D4-4AF1-B445-F3689D47E3FD}
		{B3FE59CB-C8FD-46E2-AB26-5CC3DE7B1DB2} = {30EEDF01-70D4-4AF1-B445-F3689D47E3FD}
	EndGlobalSection
EndGlobal
