
Microsoft Visual Studio Solution File, Format Version 12.00
# Visual Studio 15
VisualStudioVersion = 15.0.28307.136
MinimumVisualStudioVersion = 10.0.40219.1
Project("{2150E333-8FDC-42A3-9474-1A3956D46DE8}") = "Tests", "Tests", "{66E2A421-BE9E-4872-9132-EF7AB399C345}"
EndProject
Project("{FAE04EC0-301F-11D3-BF4B-00C04F79EFBC}") = "Cash.Core", "Cash.Core\Cash.Core.csproj", "{CEDE2055-4771-4363-8F6C-6BC456E97F74}"
EndProject
Project("{FAE04EC0-301F-11D3-BF4B-00C04F79EFBC}") = "Cash.Core.Tests", "Cash.Core.Tests\Cash.Core.Tests.csproj", "{2A34314F-818C-4855-90C2-E2A97D1C7615}"
EndProject
Project("{FAE04EC0-301F-11D3-BF4B-00C04F79EFBC}") = "Cash.Autofac.Tests", "Cash.Autofac.Tests\Cash.Autofac.Tests.csproj", "{ED8D456D-7D80-41E0-8977-65A6CA4B5882}"
EndProject
Project("{FAE04EC0-301F-11D3-BF4B-00C04F79EFBC}") = "Cash.Autofac", "Cash.Autofac\Cash.Autofac.csproj", "{91E56CC0-6674-48E8-AA01-9C7136D05F8C}"
EndProject
Project("{2150E333-8FDC-42A3-9474-1A3956D46DE8}") = "Integrations", "Integrations", "{5CCA240F-A78E-4835-A451-B537DB58EDBB}"
EndProject
Global
	GlobalSection(SolutionConfigurationPlatforms) = preSolution
		Debug|Any CPU = Debug|Any CPU
		Release|Any CPU = Release|Any CPU
	EndGlobalSection
	GlobalSection(ProjectConfigurationPlatforms) = postSolution
		{CEDE2055-4771-4363-8F6C-6BC456E97F74}.Debug|Any CPU.ActiveCfg = Debug|Any CPU
		{CEDE2055-4771-4363-8F6C-6BC456E97F74}.Debug|Any CPU.Build.0 = Debug|Any CPU
		{CEDE2055-4771-4363-8F6C-6BC456E97F74}.Release|Any CPU.ActiveCfg = Release|Any CPU
		{CEDE2055-4771-4363-8F6C-6BC456E97F74}.Release|Any CPU.Build.0 = Release|Any CPU
		{2A34314F-818C-4855-90C2-E2A97D1C7615}.Debug|Any CPU.ActiveCfg = Debug|Any CPU
		{2A34314F-818C-4855-90C2-E2A97D1C7615}.Debug|Any CPU.Build.0 = Debug|Any CPU
		{2A34314F-818C-4855-90C2-E2A97D1C7615}.Release|Any CPU.ActiveCfg = Release|Any CPU
		{2A34314F-818C-4855-90C2-E2A97D1C7615}.Release|Any CPU.Build.0 = Release|Any CPU
		{ED8D456D-7D80-41E0-8977-65A6CA4B5882}.Debug|Any CPU.ActiveCfg = Debug|Any CPU
		{ED8D456D-7D80-41E0-8977-65A6CA4B5882}.Debug|Any CPU.Build.0 = Debug|Any CPU
		{ED8D456D-7D80-41E0-8977-65A6CA4B5882}.Release|Any CPU.ActiveCfg = Release|Any CPU
		{ED8D456D-7D80-41E0-8977-65A6CA4B5882}.Release|Any CPU.Build.0 = Release|Any CPU
		{91E56CC0-6674-48E8-AA01-9C7136D05F8C}.Debug|Any CPU.ActiveCfg = Debug|Any CPU
		{91E56CC0-6674-48E8-AA01-9C7136D05F8C}.Debug|Any CPU.Build.0 = Debug|Any CPU
		{91E56CC0-6674-48E8-AA01-9C7136D05F8C}.Release|Any CPU.ActiveCfg = Release|Any CPU
		{91E56CC0-6674-48E8-AA01-9C7136D05F8C}.Release|Any CPU.Build.0 = Release|Any CPU
	EndGlobalSection
	GlobalSection(SolutionProperties) = preSolution
		HideSolutionNode = FALSE
	EndGlobalSection
	GlobalSection(NestedProjects) = preSolution
		{2A34314F-818C-4855-90C2-E2A97D1C7615} = {66E2A421-BE9E-4872-9132-EF7AB399C345}
		{ED8D456D-7D80-41E0-8977-65A6CA4B5882} = {66E2A421-BE9E-4872-9132-EF7AB399C345}
		{91E56CC0-6674-48E8-AA01-9C7136D05F8C} = {5CCA240F-A78E-4835-A451-B537DB58EDBB}
	EndGlobalSection
	GlobalSection(ExtensibilityGlobals) = postSolution
		SolutionGuid = {19F897B3-6586-472C-BF1B-CFE6838B6252}
	EndGlobalSection
EndGlobal
